
Microsoft Visual Studio Solution File, Format Version 12.00
# Visual Studio Version 17
VisualStudioVersion = 17.5.002.0
MinimumVisualStudioVersion = 10.0.40219.1
Project("{9A19103F-16F7-4668-BE54-9A1E7A4F7556}") = "server", "server.csproj", "{FED88EB5-A7C1-43A9-B572-7291DC8D7FF6}"
EndProject
Global
	GlobalSection(SolutionConfigurationPlatforms) = preSolution
		Debug|Any CPU = Debug|Any CPU
		Release|Any CPU = Release|Any CPU
	EndGlobalSection
	GlobalSection(ProjectConfigurationPlatforms) = postSolution
		{FED88EB5-A7C1-43A9-B572-7291DC8D7FF6}.Debug|Any CPU.ActiveCfg = Debug|Any CPU
		{FED88EB5-A7C1-43A9-B572-7291DC8D7FF6}.Debug|Any CPU.Build.0 = Debug|Any CPU
		{FED88EB5-A7C1-43A9-B572-7291DC8D7FF6}.Release|Any CPU.ActiveCfg = Release|Any CPU
		{FED88EB5-A7C1-43A9-B572-7291DC8D7FF6}.Release|Any CPU.Build.0 = Release|Any CPU
	EndGlobalSection
	GlobalSection(SolutionProperties) = preSolution
		HideSolutionNode = FALSE
	EndGlobalSection
	GlobalSection(ExtensibilityGlobals) = postSolution
		SolutionGuid = {058ADDB4-947C-4B5B-9C70-5E7DEB7B0CC4}
	EndGlobalSection
EndGlobal
